
Microsoft Visual Studio Solution File, Format Version 12.00
# Visual Studio Version 17
VisualStudioVersion = 17.9.34622.214
MinimumVisualStudioVersion = 10.0.40219.1
Project("{FAE04EC0-301F-11D3-BF4B-00C04F79EFBC}") = "TicTocToe", "TicTocToe\TicTocToe.csproj", "{5C45FAA4-30DC-43AE-BF91-FE3EC5B6967B}"
EndProject
Global
	GlobalSection(SolutionConfigurationPlatforms) = preSolution
		Debug|Any CPU = Debug|Any CPU
		Release|Any CPU = Release|Any CPU
	EndGlobalSection
	GlobalSection(ProjectConfigurationPlatforms) = postSolution
		{5C45FAA4-30DC-43AE-BF91-FE3EC5B6967B}.Debug|Any CPU.ActiveCfg = Debug|Any CPU
		{5C45FAA4-30DC-43AE-BF91-FE3EC5B6967B}.Debug|Any CPU.Build.0 = Debug|Any CPU
		{5C45FAA4-30DC-43AE-BF91-FE3EC5B6967B}.Release|Any CPU.ActiveCfg = Release|Any CPU
		{5C45FAA4-30DC-43AE-BF91-FE3EC5B6967B}.Release|Any CPU.Build.0 = Release|Any CPU
	EndGlobalSection
	GlobalSection(SolutionProperties) = preSolution
		HideSolutionNode = FALSE
	EndGlobalSection
	GlobalSection(ExtensibilityGlobals) = postSolution
		SolutionGuid = {D79DA5FE-925A-4D9D-BA1A-29A73BCF6F06}
	EndGlobalSection
EndGlobal
